
Microsoft Visual Studio Solution File, Format Version 12.00
# Visual Studio Version 17
VisualStudioVersion = 17.11.35327.3
MinimumVisualStudioVersion = 10.0.40219.1
Project("{9A19103F-16F7-4668-BE54-9A1E7A4F7556}") = "Из Файла", "Из Файла\Из Файла.csproj", "{FEA009FB-5FA5-431C-A6C7-5442C01287FC}"
EndProject
Project("{9A19103F-16F7-4668-BE54-9A1E7A4F7556}") = "Из Методички", "Из Методички\Из Методички.csproj", "{13690378-066B-435D-991F-FF67D75C9E81}"
EndProject
Global
	GlobalSection(SolutionConfigurationPlatforms) = preSolution
		Debug|Any CPU = Debug|Any CPU
		Release|Any CPU = Release|Any CPU
	EndGlobalSection
	GlobalSection(ProjectConfigurationPlatforms) = postSolution
		{FEA009FB-5FA5-431C-A6C7-5442C01287FC}.Debug|Any CPU.ActiveCfg = Debug|Any CPU
		{FEA009FB-5FA5-431C-A6C7-5442C01287FC}.Debug|Any CPU.Build.0 = Debug|Any CPU
		{FEA009FB-5FA5-431C-A6C7-5442C01287FC}.Release|Any CPU.ActiveCfg = Release|Any CPU
		{FEA009FB-5FA5-431C-A6C7-5442C01287FC}.Release|Any CPU.Build.0 = Release|Any CPU
		{13690378-066B-435D-991F-FF67D75C9E81}.Debug|Any CPU.ActiveCfg = Debug|Any CPU
		{13690378-066B-435D-991F-FF67D75C9E81}.Debug|Any CPU.Build.0 = Debug|Any CPU
		{13690378-066B-435D-991F-FF67D75C9E81}.Release|Any CPU.ActiveCfg = Release|Any CPU
		{13690378-066B-435D-991F-FF67D75C9E81}.Release|Any CPU.Build.0 = Release|Any CPU
	EndGlobalSection
	GlobalSection(SolutionProperties) = preSolution
		HideSolutionNode = FALSE
	EndGlobalSection
	GlobalSection(ExtensibilityGlobals) = postSolution
		SolutionGuid = {64C92B24-C1DB-4F69-B40D-7A4A2CB2D091}
	EndGlobalSection
EndGlobal
